// !$*UTF8*$!
{
	archiveVersion = 1;
	classes = {
	};
	objectVersion = 46;
	objects = {

/* Begin PBXBuildFile section */
		930953A7190B1FDB006A4152 /* Foundation.framework in Frameworks */ = {isa = PBXBuildFile; fileRef = 930953A6190B1FDB006A4152 /* Foundation.framework */; };
		930953A9190B1FDB006A4152 /* CoreGraphics.framework in Frameworks */ = {isa = PBXBuildFile; fileRef = 930953A8190B1FDB006A4152 /* CoreGraphics.framework */; };
		930953AB190B1FDB006A4152 /* UIKit.framework in Frameworks */ = {isa = PBXBuildFile; fileRef = 930953AA190B1FDB006A4152 /* UIKit.framework */; };
		930953AD190B1FDB006A4152 /* CoreData.framework in Frameworks */ = {isa = PBXBuildFile; fileRef = 930953AC190B1FDB006A4152 /* CoreData.framework */; };
		930953C5190B1FDB006A4152 /* XCTest.framework in Frameworks */ = {isa = PBXBuildFile; fileRef = 930953C4190B1FDB006A4152 /* XCTest.framework */; };
		930953C6190B1FDB006A4152 /* Foundation.framework in Frameworks */ = {isa = PBXBuildFile; fileRef = 930953A6190B1FDB006A4152 /* Foundation.framework */; };
		930953C7190B1FDB006A4152 /* UIKit.framework in Frameworks */ = {isa = PBXBuildFile; fileRef = 930953AA190B1FDB006A4152 /* UIKit.framework */; };
		930953C8190B1FDB006A4152 /* CoreData.framework in Frameworks */ = {isa = PBXBuildFile; fileRef = 930953AC190B1FDB006A4152 /* CoreData.framework */; };
		930953D0190B1FDB006A4152 /* InfoPlist.strings in Resources */ = {isa = PBXBuildFile; fileRef = 930953CE190B1FDB006A4152 /* InfoPlist.strings */; };
		930953D2190B1FDB006A4152 /* PinpointsTests.m in Sources */ = {isa = PBXBuildFile; fileRef = 930953D1190B1FDB006A4152 /* PinpointsTests.m */; };
		930953EB190B2BDC006A4152 /* Pinpoints.xcdatamodeld in Sources */ = {isa = PBXBuildFile; fileRef = 930953E0190B2BDC006A4152 /* Pinpoints.xcdatamodeld */; };
		930953EC190B2BDC006A4152 /* InfoPlist.strings in Resources */ = {isa = PBXBuildFile; fileRef = 930953E2190B2BDC006A4152 /* InfoPlist.strings */; };
		930953ED190B2BDC006A4152 /* Images.xcassets in Resources */ = {isa = PBXBuildFile; fileRef = 930953E4190B2BDC006A4152 /* Images.xcassets */; };
		930953EE190B2BDC006A4152 /* main.m in Sources */ = {isa = PBXBuildFile; fileRef = 930953E5190B2BDC006A4152 /* main.m */; };
		930953EF190B2BDC006A4152 /* Pinpoints-Info.plist in Resources */ = {isa = PBXBuildFile; fileRef = 930953E6190B2BDC006A4152 /* Pinpoints-Info.plist */; };
		930953F0190B2BDC006A4152 /* PPAppDelegate.m in Sources */ = {isa = PBXBuildFile; fileRef = 930953E9190B2BDC006A4152 /* PPAppDelegate.m */; };
		930953F6190B2E14006A4152 /* PPViewController.m in Sources */ = {isa = PBXBuildFile; fileRef = 930953F5190B2E14006A4152 /* PPViewController.m */; };
		930953F9190B2E1F006A4152 /* PPSplashViewController.m in Sources */ = {isa = PBXBuildFile; fileRef = 930953F8190B2E1F006A4152 /* PPSplashViewController.m */; };
		930953FC190B2E28006A4152 /* PPHomeViewController.m in Sources */ = {isa = PBXBuildFile; fileRef = 930953FB190B2E28006A4152 /* PPHomeViewController.m */; };
		93095404190B3454006A4152 /* PPPinpoint.m in Sources */ = {isa = PBXBuildFile; fileRef = 93095402190B3454006A4152 /* PPPinpoint.m */; };
		9309540A190B345A006A4152 /* _PPPinpoint.m in Sources */ = {isa = PBXBuildFile; fileRef = 93095408190B345A006A4152 /* _PPPinpoint.m */; };
		9309540D190B35B0006A4152 /* PPCoreDataHandler.m in Sources */ = {isa = PBXBuildFile; fileRef = 9309540C190B35B0006A4152 /* PPCoreDataHandler.m */; };
		9309540F190B3E82006A4152 /* MapKit.framework in Frameworks */ = {isa = PBXBuildFile; fileRef = 9309540E190B3E82006A4152 /* MapKit.framework */; };
		93095413190B3F5F006A4152 /* PPNavigationController.m in Sources */ = {isa = PBXBuildFile; fileRef = 93095412190B3F5F006A4152 /* PPNavigationController.m */; };
		93095417190B4199006A4152 /* NavigationController.xcassets in Resources */ = {isa = PBXBuildFile; fileRef = 93095416190B4199006A4152 /* NavigationController.xcassets */; };
		93095419190B41A2006A4152 /* SplashViewController.xcassets in Resources */ = {isa = PBXBuildFile; fileRef = 93095418190B41A2006A4152 /* SplashViewController.xcassets */; };
		9309541B190B41A8006A4152 /* ViewController.xcassets in Resources */ = {isa = PBXBuildFile; fileRef = 9309541A190B41A8006A4152 /* ViewController.xcassets */; };
		9309541E190B4413006A4152 /* PPColors.m in Sources */ = {isa = PBXBuildFile; fileRef = 9309541D190B4413006A4152 /* PPColors.m */; };
		93095422190C1D87006A4152 /* PPMenuViewController.m in Sources */ = {isa = PBXBuildFile; fileRef = 93095421190C1D87006A4152 /* PPMenuViewController.m */; };
		93095424190C1DA3006A4152 /* MenuViewController.xcassets in Resources */ = {isa = PBXBuildFile; fileRef = 93095423190C1DA3006A4152 /* MenuViewController.xcassets */; };
		93095427190C2517006A4152 /* PPMenuInternalViewController.m in Sources */ = {isa = PBXBuildFile; fileRef = 93095426190C2517006A4152 /* PPMenuInternalViewController.m */; };
		9309542A190C258A006A4152 /* PPGroup.m in Sources */ = {isa = PBXBuildFile; fileRef = 93095429190C258A006A4152 /* PPGroup.m */; };
		9309542D190C2592006A4152 /* _PPGroup.m in Sources */ = {isa = PBXBuildFile; fileRef = 9309542C190C2592006A4152 /* _PPGroup.m */; };
		9309542F190C31D0006A4152 /* HomeViewController.xcassets in Resources */ = {isa = PBXBuildFile; fileRef = 9309542E190C31D0006A4152 /* HomeViewController.xcassets */; };
		93095433190C39E9006A4152 /* PPMenuTableView.m in Sources */ = {isa = PBXBuildFile; fileRef = 93095432190C39E9006A4152 /* PPMenuTableView.m */; };
		9340E6A0190C41DA0069B7BF /* UIImage+ImageEffects.m in Sources */ = {isa = PBXBuildFile; fileRef = 9340E69F190C41DA0069B7BF /* UIImage+ImageEffects.m */; };
		9340E6A4190C475B0069B7BF /* PPBackgroundTableViewCell.m in Sources */ = {isa = PBXBuildFile; fileRef = 9340E6A3190C475B0069B7BF /* PPBackgroundTableViewCell.m */; };
		9340E6AB190C48460069B7BF /* PPMenuGroupTableViewCell.m in Sources */ = {isa = PBXBuildFile; fileRef = 9340E6AA190C48460069B7BF /* PPMenuGroupTableViewCell.m */; };
		9340E6AE190C484F0069B7BF /* PPMenuPinpointTableViewCell.m in Sources */ = {isa = PBXBuildFile; fileRef = 9340E6AD190C484F0069B7BF /* PPMenuPinpointTableViewCell.m */; };
		9340E6B2190C62650069B7BF /* PPMapView.m in Sources */ = {isa = PBXBuildFile; fileRef = 9340E6B1190C62650069B7BF /* PPMapView.m */; };
		9340E6B6190C64330069B7BF /* PPPinpointAnnotation.m in Sources */ = {isa = PBXBuildFile; fileRef = 9340E6B5190C64330069B7BF /* PPPinpointAnnotation.m */; };
		9340E6B9190C6D220069B7BF /* UIImage+SolidColor.m in Sources */ = {isa = PBXBuildFile; fileRef = 9340E6B8190C6D220069B7BF /* UIImage+SolidColor.m */; };
		9340E6BF190C77EB0069B7BF /* PPPinpointPinAnnotationView.m in Sources */ = {isa = PBXBuildFile; fileRef = 9340E6BE190C77EB0069B7BF /* PPPinpointPinAnnotationView.m */; };
		9340E6C3190C81FA0069B7BF /* PPPinpointViewController.m in Sources */ = {isa = PBXBuildFile; fileRef = 9340E6C2190C81FA0069B7BF /* PPPinpointViewController.m */; };
		9340E6C5190C820C0069B7BF /* PPPinpointViewController.xcassets in Resources */ = {isa = PBXBuildFile; fileRef = 9340E6C4190C820C0069B7BF /* PPPinpointViewController.xcassets */; };
		9340E6C7190C86A10069B7BF /* CoreLocation.framework in Frameworks */ = {isa = PBXBuildFile; fileRef = 9340E6C6190C86A10069B7BF /* CoreLocation.framework */; };
		E28218185215426B8FD18C92 /* libPods.a in Frameworks */ = {isa = PBXBuildFile; fileRef = 2B46D07E737D46EF84FBB44E /* libPods.a */; };
/* End PBXBuildFile section */

/* Begin PBXContainerItemProxy section */
		930953C9190B1FDB006A4152 /* PBXContainerItemProxy */ = {
			isa = PBXContainerItemProxy;
			containerPortal = 9309539B190B1FDB006A4152 /* Project object */;
			proxyType = 1;
			remoteGlobalIDString = 930953A2190B1FDB006A4152;
			remoteInfo = Pinpoints;
		};
/* End PBXContainerItemProxy section */

/* Begin PBXFileReference section */
		2B46D07E737D46EF84FBB44E /* libPods.a */ = {isa = PBXFileReference; explicitFileType = archive.ar; includeInIndex = 0; path = libPods.a; sourceTree = BUILT_PRODUCTS_DIR; };
		31234075AC9648729C7E1605 /* Pods.xcconfig */ = {isa = PBXFileReference; includeInIndex = 1; lastKnownFileType = text.xcconfig; name = Pods.xcconfig; path = Pods/Pods.xcconfig; sourceTree = "<group>"; };
		930953A3190B1FDB006A4152 /* Pinpoints.app */ = {isa = PBXFileReference; explicitFileType = wrapper.application; includeInIndex = 0; path = Pinpoints.app; sourceTree = BUILT_PRODUCTS_DIR; };
		930953A6190B1FDB006A4152 /* Foundation.framework */ = {isa = PBXFileReference; lastKnownFileType = wrapper.framework; name = Foundation.framework; path = System/Library/Frameworks/Foundation.framework; sourceTree = SDKROOT; };
		930953A8190B1FDB006A4152 /* CoreGraphics.framework */ = {isa = PBXFileReference; lastKnownFileType = wrapper.framework; name = CoreGraphics.framework; path = System/Library/Frameworks/CoreGraphics.framework; sourceTree = SDKROOT; };
		930953AA190B1FDB006A4152 /* UIKit.framework */ = {isa = PBXFileReference; lastKnownFileType = wrapper.framework; name = UIKit.framework; path = System/Library/Frameworks/UIKit.framework; sourceTree = SDKROOT; };
		930953AC190B1FDB006A4152 /* CoreData.framework */ = {isa = PBXFileReference; lastKnownFileType = wrapper.framework; name = CoreData.framework; path = System/Library/Frameworks/CoreData.framework; sourceTree = SDKROOT; };
		930953C3190B1FDB006A4152 /* PinpointsTests.xctest */ = {isa = PBXFileReference; explicitFileType = wrapper.cfbundle; includeInIndex = 0; path = PinpointsTests.xctest; sourceTree = BUILT_PRODUCTS_DIR; };
		930953C4190B1FDB006A4152 /* XCTest.framework */ = {isa = PBXFileReference; lastKnownFileType = wrapper.framework; name = XCTest.framework; path = Library/Frameworks/XCTest.framework; sourceTree = DEVELOPER_DIR; };
		930953CD190B1FDB006A4152 /* PinpointsTests-Info.plist */ = {isa = PBXFileReference; lastKnownFileType = text.plist.xml; path = "PinpointsTests-Info.plist"; sourceTree = "<group>"; };
		930953CF190B1FDB006A4152 /* en */ = {isa = PBXFileReference; lastKnownFileType = text.plist.strings; name = en; path = en.lproj/InfoPlist.strings; sourceTree = "<group>"; };
		930953D1190B1FDB006A4152 /* PinpointsTests.m */ = {isa = PBXFileReference; lastKnownFileType = sourcecode.c.objc; path = PinpointsTests.m; sourceTree = "<group>"; };
		930953E1190B2BDC006A4152 /* Pinpoints.xcdatamodel */ = {isa = PBXFileReference; lastKnownFileType = wrapper.xcdatamodel; path = Pinpoints.xcdatamodel; sourceTree = "<group>"; };
		930953E3190B2BDC006A4152 /* en */ = {isa = PBXFileReference; lastKnownFileType = text.plist.strings; name = en; path = en.lproj/InfoPlist.strings; sourceTree = "<group>"; };
		930953E4190B2BDC006A4152 /* Images.xcassets */ = {isa = PBXFileReference; lastKnownFileType = folder.assetcatalog; path = Images.xcassets; sourceTree = "<group>"; };
		930953E5190B2BDC006A4152 /* main.m */ = {isa = PBXFileReference; fileEncoding = 4; lastKnownFileType = sourcecode.c.objc; path = main.m; sourceTree = "<group>"; };
		930953E6190B2BDC006A4152 /* Pinpoints-Info.plist */ = {isa = PBXFileReference; fileEncoding = 4; lastKnownFileType = text.plist.xml; path = "Pinpoints-Info.plist"; sourceTree = "<group>"; };
		930953E7190B2BDC006A4152 /* Pinpoints-Prefix.pch */ = {isa = PBXFileReference; fileEncoding = 4; lastKnownFileType = sourcecode.c.h; path = "Pinpoints-Prefix.pch"; sourceTree = "<group>"; };
		930953E8190B2BDC006A4152 /* PPAppDelegate.h */ = {isa = PBXFileReference; fileEncoding = 4; lastKnownFileType = sourcecode.c.h; path = PPAppDelegate.h; sourceTree = "<group>"; };
		930953E9190B2BDC006A4152 /* PPAppDelegate.m */ = {isa = PBXFileReference; fileEncoding = 4; lastKnownFileType = sourcecode.c.objc; path = PPAppDelegate.m; sourceTree = "<group>"; };
		930953F4190B2E14006A4152 /* PPViewController.h */ = {isa = PBXFileReference; fileEncoding = 4; lastKnownFileType = sourcecode.c.h; path = PPViewController.h; sourceTree = "<group>"; };
		930953F5190B2E14006A4152 /* PPViewController.m */ = {isa = PBXFileReference; fileEncoding = 4; lastKnownFileType = sourcecode.c.objc; path = PPViewController.m; sourceTree = "<group>"; };
		930953F7190B2E1F006A4152 /* PPSplashViewController.h */ = {isa = PBXFileReference; fileEncoding = 4; lastKnownFileType = sourcecode.c.h; path = PPSplashViewController.h; sourceTree = "<group>"; };
		930953F8190B2E1F006A4152 /* PPSplashViewController.m */ = {isa = PBXFileReference; fileEncoding = 4; lastKnownFileType = sourcecode.c.objc; path = PPSplashViewController.m; sourceTree = "<group>"; };
		930953FA190B2E28006A4152 /* PPHomeViewController.h */ = {isa = PBXFileReference; fileEncoding = 4; lastKnownFileType = sourcecode.c.h; path = PPHomeViewController.h; sourceTree = "<group>"; };
		930953FB190B2E28006A4152 /* PPHomeViewController.m */ = {isa = PBXFileReference; fileEncoding = 4; lastKnownFileType = sourcecode.c.objc; path = PPHomeViewController.m; sourceTree = "<group>"; };
		93095401190B3454006A4152 /* PPPinpoint.h */ = {isa = PBXFileReference; fileEncoding = 4; lastKnownFileType = sourcecode.c.h; path = PPPinpoint.h; sourceTree = "<group>"; };
		93095402190B3454006A4152 /* PPPinpoint.m */ = {isa = PBXFileReference; fileEncoding = 4; lastKnownFileType = sourcecode.c.objc; path = PPPinpoint.m; sourceTree = "<group>"; };
		93095407190B345A006A4152 /* _PPPinpoint.h */ = {isa = PBXFileReference; fileEncoding = 4; lastKnownFileType = sourcecode.c.h; path = _PPPinpoint.h; sourceTree = "<group>"; };
		93095408190B345A006A4152 /* _PPPinpoint.m */ = {isa = PBXFileReference; fileEncoding = 4; lastKnownFileType = sourcecode.c.objc; path = _PPPinpoint.m; sourceTree = "<group>"; };
		9309540B190B35B0006A4152 /* PPCoreDataHandler.h */ = {isa = PBXFileReference; fileEncoding = 4; lastKnownFileType = sourcecode.c.h; path = PPCoreDataHandler.h; sourceTree = "<group>"; };
		9309540C190B35B0006A4152 /* PPCoreDataHandler.m */ = {isa = PBXFileReference; fileEncoding = 4; lastKnownFileType = sourcecode.c.objc; path = PPCoreDataHandler.m; sourceTree = "<group>"; };
		9309540E190B3E82006A4152 /* MapKit.framework */ = {isa = PBXFileReference; lastKnownFileType = wrapper.framework; name = MapKit.framework; path = System/Library/Frameworks/MapKit.framework; sourceTree = SDKROOT; };
		93095411190B3F5F006A4152 /* PPNavigationController.h */ = {isa = PBXFileReference; fileEncoding = 4; lastKnownFileType = sourcecode.c.h; path = PPNavigationController.h; sourceTree = "<group>"; };
		93095412190B3F5F006A4152 /* PPNavigationController.m */ = {isa = PBXFileReference; fileEncoding = 4; lastKnownFileType = sourcecode.c.objc; path = PPNavigationController.m; sourceTree = "<group>"; };
		93095416190B4199006A4152 /* NavigationController.xcassets */ = {isa = PBXFileReference; lastKnownFileType = folder.assetcatalog; path = NavigationController.xcassets; sourceTree = "<group>"; };
		93095418190B41A2006A4152 /* SplashViewController.xcassets */ = {isa = PBXFileReference; lastKnownFileType = folder.assetcatalog; path = SplashViewController.xcassets; sourceTree = "<group>"; };
		9309541A190B41A8006A4152 /* ViewController.xcassets */ = {isa = PBXFileReference; lastKnownFileType = folder.assetcatalog; path = ViewController.xcassets; sourceTree = "<group>"; };
		9309541C190B4413006A4152 /* PPColors.h */ = {isa = PBXFileReference; fileEncoding = 4; lastKnownFileType = sourcecode.c.h; path = PPColors.h; sourceTree = "<group>"; };
		9309541D190B4413006A4152 /* PPColors.m */ = {isa = PBXFileReference; fileEncoding = 4; lastKnownFileType = sourcecode.c.objc; path = PPColors.m; sourceTree = "<group>"; };
		93095420190C1D87006A4152 /* PPMenuViewController.h */ = {isa = PBXFileReference; fileEncoding = 4; lastKnownFileType = sourcecode.c.h; path = PPMenuViewController.h; sourceTree = "<group>"; };
		93095421190C1D87006A4152 /* PPMenuViewController.m */ = {isa = PBXFileReference; fileEncoding = 4; lastKnownFileType = sourcecode.c.objc; path = PPMenuViewController.m; sourceTree = "<group>"; };
		93095423190C1DA3006A4152 /* MenuViewController.xcassets */ = {isa = PBXFileReference; lastKnownFileType = folder.assetcatalog; path = MenuViewController.xcassets; sourceTree = "<group>"; };
		93095425190C2517006A4152 /* PPMenuInternalViewController.h */ = {isa = PBXFileReference; fileEncoding = 4; lastKnownFileType = sourcecode.c.h; path = PPMenuInternalViewController.h; sourceTree = "<group>"; };
		93095426190C2517006A4152 /* PPMenuInternalViewController.m */ = {isa = PBXFileReference; fileEncoding = 4; lastKnownFileType = sourcecode.c.objc; path = PPMenuInternalViewController.m; sourceTree = "<group>"; };
		93095428190C258A006A4152 /* PPGroup.h */ = {isa = PBXFileReference; fileEncoding = 4; lastKnownFileType = sourcecode.c.h; path = PPGroup.h; sourceTree = "<group>"; };
		93095429190C258A006A4152 /* PPGroup.m */ = {isa = PBXFileReference; fileEncoding = 4; lastKnownFileType = sourcecode.c.objc; path = PPGroup.m; sourceTree = "<group>"; };
		9309542B190C2592006A4152 /* _PPGroup.h */ = {isa = PBXFileReference; fileEncoding = 4; lastKnownFileType = sourcecode.c.h; path = _PPGroup.h; sourceTree = "<group>"; };
		9309542C190C2592006A4152 /* _PPGroup.m */ = {isa = PBXFileReference; fileEncoding = 4; lastKnownFileType = sourcecode.c.objc; path = _PPGroup.m; sourceTree = "<group>"; };
		9309542E190C31D0006A4152 /* HomeViewController.xcassets */ = {isa = PBXFileReference; lastKnownFileType = folder.assetcatalog; path = HomeViewController.xcassets; sourceTree = "<group>"; };
		93095431190C39E9006A4152 /* PPMenuTableView.h */ = {isa = PBXFileReference; fileEncoding = 4; lastKnownFileType = sourcecode.c.h; path = PPMenuTableView.h; sourceTree = "<group>"; };
		93095432190C39E9006A4152 /* PPMenuTableView.m */ = {isa = PBXFileReference; fileEncoding = 4; lastKnownFileType = sourcecode.c.objc; path = PPMenuTableView.m; sourceTree = "<group>"; };
		9340E69E190C41DA0069B7BF /* UIImage+ImageEffects.h */ = {isa = PBXFileReference; fileEncoding = 4; lastKnownFileType = sourcecode.c.h; path = "UIImage+ImageEffects.h"; sourceTree = "<group>"; };
		9340E69F190C41DA0069B7BF /* UIImage+ImageEffects.m */ = {isa = PBXFileReference; fileEncoding = 4; lastKnownFileType = sourcecode.c.objc; path = "UIImage+ImageEffects.m"; sourceTree = "<group>"; };
		9340E6A2190C475B0069B7BF /* PPBackgroundTableViewCell.h */ = {isa = PBXFileReference; fileEncoding = 4; lastKnownFileType = sourcecode.c.h; path = PPBackgroundTableViewCell.h; sourceTree = "<group>"; };
		9340E6A3190C475B0069B7BF /* PPBackgroundTableViewCell.m */ = {isa = PBXFileReference; fileEncoding = 4; lastKnownFileType = sourcecode.c.objc; path = PPBackgroundTableViewCell.m; sourceTree = "<group>"; };
		9340E6A9190C48460069B7BF /* PPMenuGroupTableViewCell.h */ = {isa = PBXFileReference; fileEncoding = 4; lastKnownFileType = sourcecode.c.h; path = PPMenuGroupTableViewCell.h; sourceTree = "<group>"; };
		9340E6AA190C48460069B7BF /* PPMenuGroupTableViewCell.m */ = {isa = PBXFileReference; fileEncoding = 4; lastKnownFileType = sourcecode.c.objc; path = PPMenuGroupTableViewCell.m; sourceTree = "<group>"; };
		9340E6AC190C484F0069B7BF /* PPMenuPinpointTableViewCell.h */ = {isa = PBXFileReference; fileEncoding = 4; lastKnownFileType = sourcecode.c.h; path = PPMenuPinpointTableViewCell.h; sourceTree = "<group>"; };
		9340E6AD190C484F0069B7BF /* PPMenuPinpointTableViewCell.m */ = {isa = PBXFileReference; fileEncoding = 4; lastKnownFileType = sourcecode.c.objc; path = PPMenuPinpointTableViewCell.m; sourceTree = "<group>"; };
		9340E6B0190C62650069B7BF /* PPMapView.h */ = {isa = PBXFileReference; fileEncoding = 4; lastKnownFileType = sourcecode.c.h; path = PPMapView.h; sourceTree = "<group>"; };
		9340E6B1190C62650069B7BF /* PPMapView.m */ = {isa = PBXFileReference; fileEncoding = 4; lastKnownFileType = sourcecode.c.objc; path = PPMapView.m; sourceTree = "<group>"; };
		9340E6B4190C64330069B7BF /* PPPinpointAnnotation.h */ = {isa = PBXFileReference; fileEncoding = 4; lastKnownFileType = sourcecode.c.h; path = PPPinpointAnnotation.h; sourceTree = "<group>"; };
		9340E6B5190C64330069B7BF /* PPPinpointAnnotation.m */ = {isa = PBXFileReference; fileEncoding = 4; lastKnownFileType = sourcecode.c.objc; path = PPPinpointAnnotation.m; sourceTree = "<group>"; };
		9340E6B7190C6D220069B7BF /* UIImage+SolidColor.h */ = {isa = PBXFileReference; fileEncoding = 4; lastKnownFileType = sourcecode.c.h; path = "UIImage+SolidColor.h"; sourceTree = "<group>"; };
		9340E6B8190C6D220069B7BF /* UIImage+SolidColor.m */ = {isa = PBXFileReference; fileEncoding = 4; lastKnownFileType = sourcecode.c.objc; path = "UIImage+SolidColor.m"; sourceTree = "<group>"; };
		9340E6BD190C77EB0069B7BF /* PPPinpointPinAnnotationView.h */ = {isa = PBXFileReference; fileEncoding = 4; lastKnownFileType = sourcecode.c.h; path = PPPinpointPinAnnotationView.h; sourceTree = "<group>"; };
		9340E6BE190C77EB0069B7BF /* PPPinpointPinAnnotationView.m */ = {isa = PBXFileReference; fileEncoding = 4; lastKnownFileType = sourcecode.c.objc; path = PPPinpointPinAnnotationView.m; sourceTree = "<group>"; };
		9340E6C1190C81FA0069B7BF /* PPPinpointViewController.h */ = {isa = PBXFileReference; fileEncoding = 4; lastKnownFileType = sourcecode.c.h; path = PPPinpointViewController.h; sourceTree = "<group>"; };
		9340E6C2190C81FA0069B7BF /* PPPinpointViewController.m */ = {isa = PBXFileReference; fileEncoding = 4; lastKnownFileType = sourcecode.c.objc; path = PPPinpointViewController.m; sourceTree = "<group>"; };
		9340E6C4190C820C0069B7BF /* PPPinpointViewController.xcassets */ = {isa = PBXFileReference; lastKnownFileType = folder.assetcatalog; path = PPPinpointViewController.xcassets; sourceTree = "<group>"; };
		9340E6C6190C86A10069B7BF /* CoreLocation.framework */ = {isa = PBXFileReference; lastKnownFileType = wrapper.framework; name = CoreLocation.framework; path = System/Library/Frameworks/CoreLocation.framework; sourceTree = SDKROOT; };
/* End PBXFileReference section */

/* Begin PBXFrameworksBuildPhase section */
		930953A0190B1FDB006A4152 /* Frameworks */ = {
			isa = PBXFrameworksBuildPhase;
			buildActionMask = 2147483647;
			files = (
				9340E6C7190C86A10069B7BF /* CoreLocation.framework in Frameworks */,
				9309540F190B3E82006A4152 /* MapKit.framework in Frameworks */,
				930953A9190B1FDB006A4152 /* CoreGraphics.framework in Frameworks */,
				930953AD190B1FDB006A4152 /* CoreData.framework in Frameworks */,
				930953AB190B1FDB006A4152 /* UIKit.framework in Frameworks */,
				930953A7190B1FDB006A4152 /* Foundation.framework in Frameworks */,
				E28218185215426B8FD18C92 /* libPods.a in Frameworks */,
			);
			runOnlyForDeploymentPostprocessing = 0;
		};
		930953C0190B1FDB006A4152 /* Frameworks */ = {
			isa = PBXFrameworksBuildPhase;
			buildActionMask = 2147483647;
			files = (
				930953C5190B1FDB006A4152 /* XCTest.framework in Frameworks */,
				930953C8190B1FDB006A4152 /* CoreData.framework in Frameworks */,
				930953C7190B1FDB006A4152 /* UIKit.framework in Frameworks */,
				930953C6190B1FDB006A4152 /* Foundation.framework in Frameworks */,
			);
			runOnlyForDeploymentPostprocessing = 0;
		};
/* End PBXFrameworksBuildPhase section */

/* Begin PBXGroup section */
		9309539A190B1FDB006A4152 = {
			isa = PBXGroup;
			children = (
				930953AE190B1FDB006A4152 /* Pinpoints */,
				930953CB190B1FDB006A4152 /* PinpointsTests */,
				930953A5190B1FDB006A4152 /* Frameworks */,
				930953A4190B1FDB006A4152 /* Products */,
				31234075AC9648729C7E1605 /* Pods.xcconfig */,
			);
			sourceTree = "<group>";
		};
		930953A4190B1FDB006A4152 /* Products */ = {
			isa = PBXGroup;
			children = (
				930953A3190B1FDB006A4152 /* Pinpoints.app */,
				930953C3190B1FDB006A4152 /* PinpointsTests.xctest */,
			);
			name = Products;
			sourceTree = "<group>";
		};
		930953A5190B1FDB006A4152 /* Frameworks */ = {
			isa = PBXGroup;
			children = (
				9340E6C6190C86A10069B7BF /* CoreLocation.framework */,
				9309540E190B3E82006A4152 /* MapKit.framework */,
				930953A6190B1FDB006A4152 /* Foundation.framework */,
				930953A8190B1FDB006A4152 /* CoreGraphics.framework */,
				930953AA190B1FDB006A4152 /* UIKit.framework */,
				930953AC190B1FDB006A4152 /* CoreData.framework */,
				930953C4190B1FDB006A4152 /* XCTest.framework */,
				2B46D07E737D46EF84FBB44E /* libPods.a */,
			);
			name = Frameworks;
			sourceTree = "<group>";
		};
		930953AE190B1FDB006A4152 /* Pinpoints */ = {
			isa = PBXGroup;
			children = (
				930953DD190B2BDC006A4152 /* Models */,
				930953EA190B2BDC006A4152 /* Views */,
				930953DB190B2BDC006A4152 /* Controllers */,
				930953DC190B2BDC006A4152 /* Extensions */,
				9340E69D190C41CF0069B7BF /* Categories */,
				930953DE190B2BDC006A4152 /* Supporting Files */,
			);
			path = Pinpoints;
			sourceTree = "<group>";
		};
		930953CB190B1FDB006A4152 /* PinpointsTests */ = {
			isa = PBXGroup;
			children = (
				930953D1190B1FDB006A4152 /* PinpointsTests.m */,
				930953CC190B1FDB006A4152 /* Supporting Files */,
			);
			path = PinpointsTests;
			sourceTree = "<group>";
		};
		930953CC190B1FDB006A4152 /* Supporting Files */ = {
			isa = PBXGroup;
			children = (
				930953CD190B1FDB006A4152 /* PinpointsTests-Info.plist */,
				930953CE190B1FDB006A4152 /* InfoPlist.strings */,
			);
			name = "Supporting Files";
			sourceTree = "<group>";
		};
		930953DB190B2BDC006A4152 /* Controllers */ = {
			isa = PBXGroup;
			children = (
				930953F1190B2DF5006A4152 /* Home View Controller */,
				9309541F190C1D65006A4152 /* Menu View Controller */,
				93095410190B3F52006A4152 /* Navigation Controller */,
				9340E6C0190C81EA0069B7BF /* Pinpoint View Controller */,
				930953F2190B2DF5006A4152 /* Splash View Controller */,
				930953F3190B2E0D006A4152 /* View Controller */,
			);
			path = Controllers;
			sourceTree = "<group>";
		};
		930953DC190B2BDC006A4152 /* Extensions */ = {
			isa = PBXGroup;
			children = (
			);
			path = Extensions;
			sourceTree = "<group>";
		};
		930953DD190B2BDC006A4152 /* Models */ = {
			isa = PBXGroup;
			children = (
				9309541C190B4413006A4152 /* PPColors.h */,
				9309541D190B4413006A4152 /* PPColors.m */,
				9309540B190B35B0006A4152 /* PPCoreDataHandler.h */,
				9309540C190B35B0006A4152 /* PPCoreDataHandler.m */,
				93095428190C258A006A4152 /* PPGroup.h */,
				93095429190C258A006A4152 /* PPGroup.m */,
				93095401190B3454006A4152 /* PPPinpoint.h */,
				93095402190B3454006A4152 /* PPPinpoint.m */,
				930953FD190B30B7006A4152 /* Machine */,
			);
			path = Models;
			sourceTree = "<group>";
		};
		930953DE190B2BDC006A4152 /* Supporting Files */ = {
			isa = PBXGroup;
			children = (
				930953DF190B2BDC006A4152 /* Core Data */,
				930953E2190B2BDC006A4152 /* InfoPlist.strings */,
				930953E4190B2BDC006A4152 /* Images.xcassets */,
				930953E5190B2BDC006A4152 /* main.m */,
				930953E6190B2BDC006A4152 /* Pinpoints-Info.plist */,
				930953E7190B2BDC006A4152 /* Pinpoints-Prefix.pch */,
				930953E8190B2BDC006A4152 /* PPAppDelegate.h */,
				930953E9190B2BDC006A4152 /* PPAppDelegate.m */,
			);
			path = "Supporting Files";
			sourceTree = "<group>";
		};
		930953DF190B2BDC006A4152 /* Core Data */ = {
			isa = PBXGroup;
			children = (
				930953E0190B2BDC006A4152 /* Pinpoints.xcdatamodeld */,
			);
			path = "Core Data";
			sourceTree = "<group>";
		};
		930953EA190B2BDC006A4152 /* Views */ = {
			isa = PBXGroup;
			children = (
				9340E6AF190C625C0069B7BF /* MKMapView */,
				93095430190C39CC006A4152 /* UITableView */,
				9340E6A1190C47500069B7BF /* UITableViewCell */,
			);
			path = Views;
			sourceTree = "<group>";
		};
		930953F1190B2DF5006A4152 /* Home View Controller */ = {
			isa = PBXGroup;
			children = (
				9309542E190C31D0006A4152 /* HomeViewController.xcassets */,
				930953FA190B2E28006A4152 /* PPHomeViewController.h */,
				930953FB190B2E28006A4152 /* PPHomeViewController.m */,
			);
			path = "Home View Controller";
			sourceTree = "<group>";
		};
		930953F2190B2DF5006A4152 /* Splash View Controller */ = {
			isa = PBXGroup;
			children = (
				93095418190B41A2006A4152 /* SplashViewController.xcassets */,
				930953F7190B2E1F006A4152 /* PPSplashViewController.h */,
				930953F8190B2E1F006A4152 /* PPSplashViewController.m */,
			);
			path = "Splash View Controller";
			sourceTree = "<group>";
		};
		930953F3190B2E0D006A4152 /* View Controller */ = {
			isa = PBXGroup;
			children = (
				9309541A190B41A8006A4152 /* ViewController.xcassets */,
				930953F4190B2E14006A4152 /* PPViewController.h */,
				930953F5190B2E14006A4152 /* PPViewController.m */,
			);
			path = "View Controller";
			sourceTree = "<group>";
		};
		930953FD190B30B7006A4152 /* Machine */ = {
			isa = PBXGroup;
			children = (
				9309542B190C2592006A4152 /* _PPGroup.h */,
				9309542C190C2592006A4152 /* _PPGroup.m */,
				93095407190B345A006A4152 /* _PPPinpoint.h */,
				93095408190B345A006A4152 /* _PPPinpoint.m */,
			);
			path = Machine;
			sourceTree = "<group>";
		};
		93095410190B3F52006A4152 /* Navigation Controller */ = {
			isa = PBXGroup;
			children = (
				93095416190B4199006A4152 /* NavigationController.xcassets */,
				93095411190B3F5F006A4152 /* PPNavigationController.h */,
				93095412190B3F5F006A4152 /* PPNavigationController.m */,
			);
			path = "Navigation Controller";
			sourceTree = "<group>";
		};
		9309541F190C1D65006A4152 /* Menu View Controller */ = {
			isa = PBXGroup;
			children = (
				93095423190C1DA3006A4152 /* MenuViewController.xcassets */,
				93095420190C1D87006A4152 /* PPMenuViewController.h */,
				93095421190C1D87006A4152 /* PPMenuViewController.m */,
				93095425190C2517006A4152 /* PPMenuInternalViewController.h */,
				93095426190C2517006A4152 /* PPMenuInternalViewController.m */,
			);
			path = "Menu View Controller";
			sourceTree = "<group>";
		};
		93095430190C39CC006A4152 /* UITableView */ = {
			isa = PBXGroup;
			children = (
				93095431190C39E9006A4152 /* PPMenuTableView.h */,
				93095432190C39E9006A4152 /* PPMenuTableView.m */,
			);
			path = UITableView;
			sourceTree = "<group>";
		};
		9340E69D190C41CF0069B7BF /* Categories */ = {
			isa = PBXGroup;
			children = (
				9340E69E190C41DA0069B7BF /* UIImage+ImageEffects.h */,
				9340E69F190C41DA0069B7BF /* UIImage+ImageEffects.m */,
				9340E6B7190C6D220069B7BF /* UIImage+SolidColor.h */,
				9340E6B8190C6D220069B7BF /* UIImage+SolidColor.m */,
			);
			path = Categories;
			sourceTree = "<group>";
		};
		9340E6A1190C47500069B7BF /* UITableViewCell */ = {
			isa = PBXGroup;
			children = (
				9340E6A8190C47E50069B7BF /* Menu Table View Cell */,
				9340E6A2190C475B0069B7BF /* PPBackgroundTableViewCell.h */,
				9340E6A3190C475B0069B7BF /* PPBackgroundTableViewCell.m */,
			);
			path = UITableViewCell;
			sourceTree = "<group>";
		};
		9340E6A8190C47E50069B7BF /* Menu Table View Cell */ = {
			isa = PBXGroup;
			children = (
				9340E6A9190C48460069B7BF /* PPMenuGroupTableViewCell.h */,
				9340E6AA190C48460069B7BF /* PPMenuGroupTableViewCell.m */,
				9340E6AC190C484F0069B7BF /* PPMenuPinpointTableViewCell.h */,
				9340E6AD190C484F0069B7BF /* PPMenuPinpointTableViewCell.m */,
			);
			path = "Menu Table View Cell";
			sourceTree = "<group>";
		};
		9340E6AF190C625C0069B7BF /* MKMapView */ = {
			isa = PBXGroup;
			children = (
				9340E6B3190C64170069B7BF /* Annotations */,
				9340E6B0190C62650069B7BF /* PPMapView.h */,
				9340E6B1190C62650069B7BF /* PPMapView.m */,
			);
			path = MKMapView;
			sourceTree = "<group>";
		};
		9340E6B3190C64170069B7BF /* Annotations */ = {
			isa = PBXGroup;
			children = (
				9340E6B4190C64330069B7BF /* PPPinpointAnnotation.h */,
				9340E6B5190C64330069B7BF /* PPPinpointAnnotation.m */,
				9340E6BD190C77EB0069B7BF /* PPPinpointPinAnnotationView.h */,
				9340E6BE190C77EB0069B7BF /* PPPinpointPinAnnotationView.m */,
			);
			path = Annotations;
			sourceTree = "<group>";
		};
		9340E6C0190C81EA0069B7BF /* Pinpoint View Controller */ = {
			isa = PBXGroup;
			children = (
				9340E6C4190C820C0069B7BF /* PPPinpointViewController.xcassets */,
				9340E6C1190C81FA0069B7BF /* PPPinpointViewController.h */,
				9340E6C2190C81FA0069B7BF /* PPPinpointViewController.m */,
			);
			path = "Pinpoint View Controller";
			sourceTree = "<group>";
		};
/* End PBXGroup section */

/* Begin PBXNativeTarget section */
		930953A2190B1FDB006A4152 /* Pinpoints */ = {
			isa = PBXNativeTarget;
			buildConfigurationList = 930953D5190B1FDB006A4152 /* Build configuration list for PBXNativeTarget "Pinpoints" */;
			buildPhases = (
				930953FE190B3160006A4152 /* Mogenerator */,
				0E18C45C8FEF4F4FA16B0336 /* Check Pods Manifest.lock */,
				9309539F190B1FDB006A4152 /* Sources */,
				930953A0190B1FDB006A4152 /* Frameworks */,
				930953A1190B1FDB006A4152 /* Resources */,
				CF7D1904B4E6495BAE3A29B3 /* Copy Pods Resources */,
			);
			buildRules = (
			);
			dependencies = (
			);
			name = Pinpoints;
			productName = Pinpoints;
			productReference = 930953A3190B1FDB006A4152 /* Pinpoints.app */;
			productType = "com.apple.product-type.application";
		};
		930953C2190B1FDB006A4152 /* PinpointsTests */ = {
			isa = PBXNativeTarget;
			buildConfigurationList = 930953D8190B1FDB006A4152 /* Build configuration list for PBXNativeTarget "PinpointsTests" */;
			buildPhases = (
				930953BF190B1FDB006A4152 /* Sources */,
				930953C0190B1FDB006A4152 /* Frameworks */,
				930953C1190B1FDB006A4152 /* Resources */,
			);
			buildRules = (
			);
			dependencies = (
				930953CA190B1FDB006A4152 /* PBXTargetDependency */,
			);
			name = PinpointsTests;
			productName = PinpointsTests;
			productReference = 930953C3190B1FDB006A4152 /* PinpointsTests.xctest */;
			productType = "com.apple.product-type.bundle.unit-test";
		};
/* End PBXNativeTarget section */

/* Begin PBXProject section */
		9309539B190B1FDB006A4152 /* Project object */ = {
			isa = PBXProject;
			attributes = {
				CLASSPREFIX = PP;
				LastUpgradeCheck = 0510;
				ORGANIZATIONNAME = aaron;
				TargetAttributes = {
					930953C2190B1FDB006A4152 = {
						TestTargetID = 930953A2190B1FDB006A4152;
					};
				};
			};
			buildConfigurationList = 9309539E190B1FDB006A4152 /* Build configuration list for PBXProject "Pinpoints" */;
			compatibilityVersion = "Xcode 3.2";
			developmentRegion = English;
			hasScannedForEncodings = 0;
			knownRegions = (
				en,
			);
			mainGroup = 9309539A190B1FDB006A4152;
			productRefGroup = 930953A4190B1FDB006A4152 /* Products */;
			projectDirPath = "";
			projectRoot = "";
			targets = (
				930953A2190B1FDB006A4152 /* Pinpoints */,
				930953C2190B1FDB006A4152 /* PinpointsTests */,
			);
		};
/* End PBXProject section */

/* Begin PBXResourcesBuildPhase section */
		930953A1190B1FDB006A4152 /* Resources */ = {
			isa = PBXResourcesBuildPhase;
			buildActionMask = 2147483647;
			files = (
				930953EC190B2BDC006A4152 /* InfoPlist.strings in Resources */,
				930953EF190B2BDC006A4152 /* Pinpoints-Info.plist in Resources */,
				930953ED190B2BDC006A4152 /* Images.xcassets in Resources */,
				93095424190C1DA3006A4152 /* MenuViewController.xcassets in Resources */,
				9309541B190B41A8006A4152 /* ViewController.xcassets in Resources */,
				93095419190B41A2006A4152 /* SplashViewController.xcassets in Resources */,
				93095417190B4199006A4152 /* NavigationController.xcassets in Resources */,
				9309542F190C31D0006A4152 /* HomeViewController.xcassets in Resources */,
				9340E6C5190C820C0069B7BF /* PPPinpointViewController.xcassets in Resources */,
			);
			runOnlyForDeploymentPostprocessing = 0;
		};
		930953C1190B1FDB006A4152 /* Resources */ = {
			isa = PBXResourcesBuildPhase;
			buildActionMask = 2147483647;
			files = (
				930953D0190B1FDB006A4152 /* InfoPlist.strings in Resources */,
			);
			runOnlyForDeploymentPostprocessing = 0;
		};
/* End PBXResourcesBuildPhase section */

/* Begin PBXShellScriptBuildPhase section */
		0E18C45C8FEF4F4FA16B0336 /* Check Pods Manifest.lock */ = {
			isa = PBXShellScriptBuildPhase;
			buildActionMask = 2147483647;
			files = (
			);
			inputPaths = (
			);
			name = "Check Pods Manifest.lock";
			outputPaths = (
			);
			runOnlyForDeploymentPostprocessing = 0;
			shellPath = /bin/sh;
			shellScript = "diff \"${PODS_ROOT}/../Podfile.lock\" \"${PODS_ROOT}/Manifest.lock\" > /dev/null\nif [[ $? != 0 ]] ; then\n    cat << EOM\nerror: The sandbox is not in sync with the Podfile.lock. Run 'pod install' or update your CocoaPods installation.\nEOM\n    exit 1\nfi\n";
			showEnvVarsInLog = 0;
		};
		930953FE190B3160006A4152 /* Mogenerator */ = {
			isa = PBXShellScriptBuildPhase;
			buildActionMask = 2147483647;
			files = (
			);
			inputPaths = (
			);
			name = Mogenerator;
			outputPaths = (
			);
			runOnlyForDeploymentPostprocessing = 0;
			shellPath = /bin/sh;
			shellScript = "/usr/local/bin/mogenerator --model \"Pinpoints/Supporting Files/Core Data/Pinpoints.xcdatamodeld\" --machine-dir \"Pinpoints/Models/Machine\" --human-dir \"Pinpoints/Models\" --template-var arc=true";
		};
		CF7D1904B4E6495BAE3A29B3 /* Copy Pods Resources */ = {
			isa = PBXShellScriptBuildPhase;
			buildActionMask = 2147483647;
			files = (
			);
			inputPaths = (
			);
			name = "Copy Pods Resources";
			outputPaths = (
			);
			runOnlyForDeploymentPostprocessing = 0;
			shellPath = /bin/sh;
			shellScript = "\"${SRCROOT}/Pods/Pods-resources.sh\"\n";
			showEnvVarsInLog = 0;
		};
/* End PBXShellScriptBuildPhase section */

/* Begin PBXSourcesBuildPhase section */
		9309539F190B1FDB006A4152 /* Sources */ = {
			isa = PBXSourcesBuildPhase;
			buildActionMask = 2147483647;
			files = (
				9340E6B9190C6D220069B7BF /* UIImage+SolidColor.m in Sources */,
				93095427190C2517006A4152 /* PPMenuInternalViewController.m in Sources */,
				9340E6AB190C48460069B7BF /* PPMenuGroupTableViewCell.m in Sources */,
				9309542A190C258A006A4152 /* PPGroup.m in Sources */,
				9340E6B2190C62650069B7BF /* PPMapView.m in Sources */,
				93095404190B3454006A4152 /* PPPinpoint.m in Sources */,
				9340E6B6190C64330069B7BF /* PPPinpointAnnotation.m in Sources */,
				930953F6190B2E14006A4152 /* PPViewController.m in Sources */,
				9340E6C3190C81FA0069B7BF /* PPPinpointViewController.m in Sources */,
				93095433190C39E9006A4152 /* PPMenuTableView.m in Sources */,
				9309540D190B35B0006A4152 /* PPCoreDataHandler.m in Sources */,
				9309541E190B4413006A4152 /* PPColors.m in Sources */,
				93095413190B3F5F006A4152 /* PPNavigationController.m in Sources */,
				930953F9190B2E1F006A4152 /* PPSplashViewController.m in Sources */,
				9309540A190B345A006A4152 /* _PPPinpoint.m in Sources */,
				930953EE190B2BDC006A4152 /* main.m in Sources */,
				9309542D190C2592006A4152 /* _PPGroup.m in Sources */,
				930953FC190B2E28006A4152 /* PPHomeViewController.m in Sources */,
				930953EB190B2BDC006A4152 /* Pinpoints.xcdatamodeld in Sources */,
				930953F0190B2BDC006A4152 /* PPAppDelegate.m in Sources */,
				9340E6A4190C475B0069B7BF /* PPBackgroundTableViewCell.m in Sources */,
				9340E6BF190C77EB0069B7BF /* PPPinpointPinAnnotationView.m in Sources */,
				9340E6AE190C484F0069B7BF /* PPMenuPinpointTableViewCell.m in Sources */,
				93095422190C1D87006A4152 /* PPMenuViewController.m in Sources */,
				9340E6A0190C41DA0069B7BF /* UIImage+ImageEffects.m in Sources */,
			);
			runOnlyForDeploymentPostprocessing = 0;
		};
		930953BF190B1FDB006A4152 /* Sources */ = {
			isa = PBXSourcesBuildPhase;
			buildActionMask = 2147483647;
			files = (
				930953D2190B1FDB006A4152 /* PinpointsTests.m in Sources */,
			);
			runOnlyForDeploymentPostprocessing = 0;
		};
/* End PBXSourcesBuildPhase section */

/* Begin PBXTargetDependency section */
		930953CA190B1FDB006A4152 /* PBXTargetDependency */ = {
			isa = PBXTargetDependency;
			target = 930953A2190B1FDB006A4152 /* Pinpoints */;
			targetProxy = 930953C9190B1FDB006A4152 /* PBXContainerItemProxy */;
		};
/* End PBXTargetDependency section */

/* Begin PBXVariantGroup section */
		930953CE190B1FDB006A4152 /* InfoPlist.strings */ = {
			isa = PBXVariantGroup;
			children = (
				930953CF190B1FDB006A4152 /* en */,
			);
			name = InfoPlist.strings;
			sourceTree = "<group>";
		};
		930953E2190B2BDC006A4152 /* InfoPlist.strings */ = {
			isa = PBXVariantGroup;
			children = (
				930953E3190B2BDC006A4152 /* en */,
			);
			name = InfoPlist.strings;
			sourceTree = "<group>";
		};
/* End PBXVariantGroup section */

/* Begin XCBuildConfiguration section */
		930953D3190B1FDB006A4152 /* Debug */ = {
			isa = XCBuildConfiguration;
			buildSettings = {
				ALWAYS_SEARCH_USER_PATHS = NO;
				CLANG_CXX_LANGUAGE_STANDARD = "gnu++0x";
				CLANG_CXX_LIBRARY = "libc++";
				CLANG_ENABLE_MODULES = YES;
				CLANG_ENABLE_OBJC_ARC = YES;
				CLANG_WARN_BOOL_CONVERSION = YES;
				CLANG_WARN_CONSTANT_CONVERSION = YES;
				CLANG_WARN_DIRECT_OBJC_ISA_USAGE = YES_ERROR;
				CLANG_WARN_EMPTY_BODY = YES;
				CLANG_WARN_ENUM_CONVERSION = YES;
				CLANG_WARN_INT_CONVERSION = YES;
				CLANG_WARN_OBJC_ROOT_CLASS = YES_ERROR;
				CLANG_WARN__DUPLICATE_METHOD_MATCH = YES;
				"CODE_SIGN_IDENTITY[sdk=iphoneos*]" = "iPhone Developer";
				COPY_PHASE_STRIP = NO;
				GCC_C_LANGUAGE_STANDARD = gnu99;
				GCC_DYNAMIC_NO_PIC = NO;
				GCC_OPTIMIZATION_LEVEL = 0;
				GCC_PREPROCESSOR_DEFINITIONS = (
					"DEBUG=1",
					"$(inherited)",
				);
				GCC_SYMBOLS_PRIVATE_EXTERN = NO;
				GCC_WARN_64_TO_32_BIT_CONVERSION = YES;
				GCC_WARN_ABOUT_RETURN_TYPE = YES_ERROR;
				GCC_WARN_UNDECLARED_SELECTOR = YES;
				GCC_WARN_UNINITIALIZED_AUTOS = YES_AGGRESSIVE;
				GCC_WARN_UNUSED_FUNCTION = YES;
				GCC_WARN_UNUSED_VARIABLE = YES;
				IPHONEOS_DEPLOYMENT_TARGET = 7.1;
				ONLY_ACTIVE_ARCH = YES;
				SDKROOT = iphoneos;
			};
			name = Debug;
		};
		930953D4190B1FDB006A4152 /* Release */ = {
			isa = XCBuildConfiguration;
			buildSettings = {
				ALWAYS_SEARCH_USER_PATHS = NO;
				CLANG_CXX_LANGUAGE_STANDARD = "gnu++0x";
				CLANG_CXX_LIBRARY = "libc++";
				CLANG_ENABLE_MODULES = YES;
				CLANG_ENABLE_OBJC_ARC = YES;
				CLANG_WARN_BOOL_CONVERSION = YES;
				CLANG_WARN_CONSTANT_CONVERSION = YES;
				CLANG_WARN_DIRECT_OBJC_ISA_USAGE = YES_ERROR;
				CLANG_WARN_EMPTY_BODY = YES;
				CLANG_WARN_ENUM_CONVERSION = YES;
				CLANG_WARN_INT_CONVERSION = YES;
				CLANG_WARN_OBJC_ROOT_CLASS = YES_ERROR;
				CLANG_WARN__DUPLICATE_METHOD_MATCH = YES;
				"CODE_SIGN_IDENTITY[sdk=iphoneos*]" = "iPhone Developer";
				COPY_PHASE_STRIP = YES;
				ENABLE_NS_ASSERTIONS = NO;
				GCC_C_LANGUAGE_STANDARD = gnu99;
				GCC_WARN_64_TO_32_BIT_CONVERSION = YES;
				GCC_WARN_ABOUT_RETURN_TYPE = YES_ERROR;
				GCC_WARN_UNDECLARED_SELECTOR = YES;
				GCC_WARN_UNINITIALIZED_AUTOS = YES_AGGRESSIVE;
				GCC_WARN_UNUSED_FUNCTION = YES;
				GCC_WARN_UNUSED_VARIABLE = YES;
				IPHONEOS_DEPLOYMENT_TARGET = 7.1;
				SDKROOT = iphoneos;
				VALIDATE_PRODUCT = YES;
			};
			name = Release;
		};
		930953D6190B1FDB006A4152 /* Debug */ = {
			isa = XCBuildConfiguration;
			baseConfigurationReference = 31234075AC9648729C7E1605 /* Pods.xcconfig */;
			buildSettings = {
				ASSETCATALOG_COMPILER_APPICON_NAME = AppIcon;
				ASSETCATALOG_COMPILER_LAUNCHIMAGE_NAME = LaunchImage;
				GCC_PRECOMPILE_PREFIX_HEADER = YES;
				GCC_PREFIX_HEADER = "Pinpoints/Supporting Files/Pinpoints-Prefix.pch";
				INFOPLIST_FILE = "$(SRCROOT)/PinpointsTests/PinpointsTests-Info.plist";
				PRODUCT_NAME = "$(TARGET_NAME)";
				WRAPPER_EXTENSION = app;
			};
			name = Debug;
		};
		930953D7190B1FDB006A4152 /* Release */ = {
			isa = XCBuildConfiguration;
			baseConfigurationReference = 31234075AC9648729C7E1605 /* Pods.xcconfig */;
			buildSettings = {
				ASSETCATALOG_COMPILER_APPICON_NAME = AppIcon;
				ASSETCATALOG_COMPILER_LAUNCHIMAGE_NAME = LaunchImage;
				GCC_PRECOMPILE_PREFIX_HEADER = YES;
				GCC_PREFIX_HEADER = "Pinpoints/Supporting Files/Pinpoints-Prefix.pch";
				INFOPLIST_FILE = "$(SRCROOT)/PinpointsTests/PinpointsTests-Info.plist";
				PRODUCT_NAME = "$(TARGET_NAME)";
				WRAPPER_EXTENSION = app;
			};
			name = Release;
		};
		930953D9190B1FDB006A4152 /* Debug */ = {
			isa = XCBuildConfiguration;
			buildSettings = {
				BUNDLE_LOADER = "$(BUILT_PRODUCTS_DIR)/Pinpoints.app/Pinpoints";
				FRAMEWORK_SEARCH_PATHS = (
					"$(SDKROOT)/Developer/Library/Frameworks",
					"$(inherited)",
					"$(DEVELOPER_FRAMEWORKS_DIR)",
				);
				GCC_PRECOMPILE_PREFIX_HEADER = YES;
				GCC_PREFIX_HEADER = "Pinpoints/Pinpoints-Prefix.pch";
				GCC_PREPROCESSOR_DEFINITIONS = (
					"DEBUG=1",
					"$(inherited)",
				);
				INFOPLIST_FILE = "PinpointsTests/PinpointsTests-Info.plist";
				PRODUCT_NAME = "$(TARGET_NAME)";
				TEST_HOST = "$(BUNDLE_LOADER)";
				WRAPPER_EXTENSION = xctest;
			};
			name = Debug;
		};
		930953DA190B1FDB006A4152 /* Release */ = {
			isa = XCBuildConfiguration;
			buildSettings = {
				BUNDLE_LOADER = "$(BUILT_PRODUCTS_DIR)/Pinpoints.app/Pinpoints";
				FRAMEWORK_SEARCH_PATHS = (
					"$(SDKROOT)/Developer/Library/Frameworks",
					"$(inherited)",
					"$(DEVELOPER_FRAMEWORKS_DIR)",
				);
				GCC_PRECOMPILE_PREFIX_HEADER = YES;
				GCC_PREFIX_HEADER = "Pinpoints/Pinpoints-Prefix.pch";
				INFOPLIST_FILE = "PinpointsTests/PinpointsTests-Info.plist";
				PRODUCT_NAME = "$(TARGET_NAME)";
				TEST_HOST = "$(BUNDLE_LOADER)";
				WRAPPER_EXTENSION = xctest;
			};
			name = Release;
		};
/* End XCBuildConfiguration section */

/* Begin XCConfigurationList section */
		9309539E190B1FDB006A4152 /* Build configuration list for PBXProject "Pinpoints" */ = {
			isa = XCConfigurationList;
			buildConfigurations = (
				930953D3190B1FDB006A4152 /* Debug */,
				930953D4190B1FDB006A4152 /* Release */,
			);
			defaultConfigurationIsVisible = 0;
			defaultConfigurationName = Release;
		};
		930953D5190B1FDB006A4152 /* Build configuration list for PBXNativeTarget "Pinpoints" */ = {
			isa = XCConfigurationList;
			buildConfigurations = (
				930953D6190B1FDB006A4152 /* Debug */,
				930953D7190B1FDB006A4152 /* Release */,
			);
			defaultConfigurationIsVisible = 0;
			defaultConfigurationName = Release;
		};
		930953D8190B1FDB006A4152 /* Build configuration list for PBXNativeTarget "PinpointsTests" */ = {
			isa = XCConfigurationList;
			buildConfigurations = (
				930953D9190B1FDB006A4152 /* Debug */,
				930953DA190B1FDB006A4152 /* Release */,
			);
			defaultConfigurationIsVisible = 0;
			defaultConfigurationName = Release;
		};
/* End XCConfigurationList section */

/* Begin XCVersionGroup section */
		930953E0190B2BDC006A4152 /* Pinpoints.xcdatamodeld */ = {
			isa = XCVersionGroup;
			children = (
				930953E1190B2BDC006A4152 /* Pinpoints.xcdatamodel */,
			);
			currentVersion = 930953E1190B2BDC006A4152 /* Pinpoints.xcdatamodel */;
			path = Pinpoints.xcdatamodeld;
			sourceTree = "<group>";
			versionGroupType = wrapper.xcdatamodel;
		};
/* End XCVersionGroup section */
	};
	rootObject = 9309539B190B1FDB006A4152 /* Project object */;
}
